// !$*UTF8*$!
{
	archiveVersion = 1;
	classes = {
	};
	objectVersion = 50;
	objects = {

/* Begin PBXBuildFile section */
		041B04FC23540A65003E635C /* UIView+FBExtension.m in Sources */ = {isa = PBXBuildFile; fileRef = 041B04FB23540A65003E635C /* UIView+FBExtension.m */; };
		042FA6D72357FC2A005D7215 /* DTPageViewController.m in Sources */ = {isa = PBXBuildFile; fileRef = 042FA6D62357FC2A005D7215 /* DTPageViewController.m */; };
		042FA6DA23581516005D7215 /* NSArray+FBExtension.m in Sources */ = {isa = PBXBuildFile; fileRef = 042FA6D923581516005D7215 /* NSArray+FBExtension.m */; };
		04E7BE442357F6300076094F /* FBPageViewController.m in Sources */ = {isa = PBXBuildFile; fileRef = 04E7BE432357F6300076094F /* FBPageViewController.m */; };
		C5119BFB23404A460009E3B9 /* AppDelegate.m in Sources */ = {isa = PBXBuildFile; fileRef = C5119BFA23404A460009E3B9 /* AppDelegate.m */; };
		C5119C0123404A460009E3B9 /* ViewController.m in Sources */ = {isa = PBXBuildFile; fileRef = C5119C0023404A460009E3B9 /* ViewController.m */; };
		C5119C0623404A480009E3B9 /* Assets.xcassets in Resources */ = {isa = PBXBuildFile; fileRef = C5119C0523404A480009E3B9 /* Assets.xcassets */; };
		C5119C0C23404A480009E3B9 /* main.m in Sources */ = {isa = PBXBuildFile; fileRef = C5119C0B23404A480009E3B9 /* main.m */; };
		C5119C1423404AE50009E3B9 /* FBPageTitleView.m in Sources */ = {isa = PBXBuildFile; fileRef = C5119C1323404AE50009E3B9 /* FBPageTitleView.m */; };
		C5119C1723404D1F0009E3B9 /* FBPageContentView.m in Sources */ = {isa = PBXBuildFile; fileRef = C5119C1623404D1F0009E3B9 /* FBPageContentView.m */; };
		C5119C1D234096340009E3B9 /* UIColor+FBExtension.m in Sources */ = {isa = PBXBuildFile; fileRef = C5119C1C234096340009E3B9 /* UIColor+FBExtension.m */; };
/* End PBXBuildFile section */

/* Begin PBXFileReference section */
		041B04FA23540A65003E635C /* UIView+FBExtension.h */ = {isa = PBXFileReference; lastKnownFileType = sourcecode.c.h; path = "UIView+FBExtension.h"; sourceTree = "<group>"; };
		041B04FB23540A65003E635C /* UIView+FBExtension.m */ = {isa = PBXFileReference; lastKnownFileType = sourcecode.c.objc; path = "UIView+FBExtension.m"; sourceTree = "<group>"; };
		042FA6D52357FC2A005D7215 /* DTPageViewController.h */ = {isa = PBXFileReference; lastKnownFileType = sourcecode.c.h; path = DTPageViewController.h; sourceTree = "<group>"; };
		042FA6D62357FC2A005D7215 /* DTPageViewController.m */ = {isa = PBXFileReference; lastKnownFileType = sourcecode.c.objc; path = DTPageViewController.m; sourceTree = "<group>"; };
		042FA6D823581516005D7215 /* NSArray+FBExtension.h */ = {isa = PBXFileReference; lastKnownFileType = sourcecode.c.h; path = "NSArray+FBExtension.h"; sourceTree = "<group>"; };
		042FA6D923581516005D7215 /* NSArray+FBExtension.m */ = {isa = PBXFileReference; lastKnownFileType = sourcecode.c.objc; path = "NSArray+FBExtension.m"; sourceTree = "<group>"; };
		04E7BE422357F6300076094F /* FBPageViewController.h */ = {isa = PBXFileReference; lastKnownFileType = sourcecode.c.h; path = FBPageViewController.h; sourceTree = "<group>"; };
		04E7BE432357F6300076094F /* FBPageViewController.m */ = {isa = PBXFileReference; lastKnownFileType = sourcecode.c.objc; path = FBPageViewController.m; sourceTree = "<group>"; };
		C5119BF623404A460009E3B9 /* PageView.app */ = {isa = PBXFileReference; explicitFileType = wrapper.application; includeInIndex = 0; path = PageView.app; sourceTree = BUILT_PRODUCTS_DIR; };
		C5119BF923404A460009E3B9 /* AppDelegate.h */ = {isa = PBXFileReference; lastKnownFileType = sourcecode.c.h; path = AppDelegate.h; sourceTree = "<group>"; };
		C5119BFA23404A460009E3B9 /* AppDelegate.m */ = {isa = PBXFileReference; lastKnownFileType = sourcecode.c.objc; path = AppDelegate.m; sourceTree = "<group>"; };
		C5119BFF23404A460009E3B9 /* ViewController.h */ = {isa = PBXFileReference; lastKnownFileType = sourcecode.c.h; path = ViewController.h; sourceTree = "<group>"; };
		C5119C0023404A460009E3B9 /* ViewController.m */ = {isa = PBXFileReference; lastKnownFileType = sourcecode.c.objc; path = ViewController.m; sourceTree = "<group>"; };
		C5119C0523404A480009E3B9 /* Assets.xcassets */ = {isa = PBXFileReference; lastKnownFileType = folder.assetcatalog; path = Assets.xcassets; sourceTree = "<group>"; };
		C5119C0A23404A480009E3B9 /* Info.plist */ = {isa = PBXFileReference; lastKnownFileType = text.plist.xml; path = Info.plist; sourceTree = "<group>"; };
		C5119C0B23404A480009E3B9 /* main.m */ = {isa = PBXFileReference; lastKnownFileType = sourcecode.c.objc; path = main.m; sourceTree = "<group>"; };
		C5119C1223404AE50009E3B9 /* FBPageTitleView.h */ = {isa = PBXFileReference; lastKnownFileType = sourcecode.c.h; path = FBPageTitleView.h; sourceTree = "<group>"; };
		C5119C1323404AE50009E3B9 /* FBPageTitleView.m */ = {isa = PBXFileReference; lastKnownFileType = sourcecode.c.objc; path = FBPageTitleView.m; sourceTree = "<group>"; };
		C5119C1523404D1F0009E3B9 /* FBPageContentView.h */ = {isa = PBXFileReference; lastKnownFileType = sourcecode.c.h; path = FBPageContentView.h; sourceTree = "<group>"; };
		C5119C1623404D1F0009E3B9 /* FBPageContentView.m */ = {isa = PBXFileReference; lastKnownFileType = sourcecode.c.objc; path = FBPageContentView.m; sourceTree = "<group>"; };
		C5119C1B234096340009E3B9 /* UIColor+FBExtension.h */ = {isa = PBXFileReference; fileEncoding = 4; lastKnownFileType = sourcecode.c.h; path = "UIColor+FBExtension.h"; sourceTree = "<group>"; };
		C5119C1C234096340009E3B9 /* UIColor+FBExtension.m */ = {isa = PBXFileReference; fileEncoding = 4; lastKnownFileType = sourcecode.c.objc; path = "UIColor+FBExtension.m"; sourceTree = "<group>"; };
/* End PBXFileReference section */

/* Begin PBXFrameworksBuildPhase section */
		C5119BF323404A460009E3B9 /* Frameworks */ = {
			isa = PBXFrameworksBuildPhase;
			buildActionMask = 2147483647;
			files = (
			);
			runOnlyForDeploymentPostprocessing = 0;
		};
/* End PBXFrameworksBuildPhase section */

/* Begin PBXGroup section */
		04E7BE452357FAB00076094F /* FBPageViewController */ = {
			isa = PBXGroup;
			children = (
				04E7BE462357FAD20076094F /* View */,
				04E7BE422357F6300076094F /* FBPageViewController.h */,
				04E7BE432357F6300076094F /* FBPageViewController.m */,
			);
			path = FBPageViewController;
			sourceTree = "<group>";
		};
		04E7BE462357FAD20076094F /* View */ = {
			isa = PBXGroup;
			children = (
				C5119C1223404AE50009E3B9 /* FBPageTitleView.h */,
				C5119C1323404AE50009E3B9 /* FBPageTitleView.m */,
				C5119C1523404D1F0009E3B9 /* FBPageContentView.h */,
				C5119C1623404D1F0009E3B9 /* FBPageContentView.m */,
			);
			path = View;
			sourceTree = "<group>";
		};
		C5119BED23404A460009E3B9 = {
			isa = PBXGroup;
			children = (
				C5119BF823404A460009E3B9 /* PageView */,
				C5119BF723404A460009E3B9 /* Products */,
			);
			sourceTree = "<group>";
		};
		C5119BF723404A460009E3B9 /* Products */ = {
			isa = PBXGroup;
			children = (
				C5119BF623404A460009E3B9 /* PageView.app */,
			);
			name = Products;
			sourceTree = "<group>";
		};
		C5119BF823404A460009E3B9 /* PageView */ = {
			isa = PBXGroup;
			children = (
				C5119BF923404A460009E3B9 /* AppDelegate.h */,
				C5119BFA23404A460009E3B9 /* AppDelegate.m */,
				C5119BFF23404A460009E3B9 /* ViewController.h */,
				C5119C0023404A460009E3B9 /* ViewController.m */,
				042FA6D52357FC2A005D7215 /* DTPageViewController.h */,
				042FA6D62357FC2A005D7215 /* DTPageViewController.m */,
				C5119C0523404A480009E3B9 /* Assets.xcassets */,
				C5119C0A23404A480009E3B9 /* Info.plist */,
				C5119C0B23404A480009E3B9 /* main.m */,
				04E7BE452357FAB00076094F /* FBPageViewController */,
				C5119C1B234096340009E3B9 /* UIColor+FBExtension.h */,
				C5119C1C234096340009E3B9 /* UIColor+FBExtension.m */,
				041B04FA23540A65003E635C /* UIView+FBExtension.h */,
				041B04FB23540A65003E635C /* UIView+FBExtension.m */,
				042FA6D823581516005D7215 /* NSArray+FBExtension.h */,
				042FA6D923581516005D7215 /* NSArray+FBExtension.m */,
			);
			path = PageView;
			sourceTree = "<group>";
		};
/* End PBXGroup section */

/* Begin PBXNativeTarget section */
		C5119BF523404A460009E3B9 /* PageView */ = {
			isa = PBXNativeTarget;
			buildConfigurationList = C5119C0F23404A480009E3B9 /* Build configuration list for PBXNativeTarget "PageView" */;
			buildPhases = (
				C5119BF223404A460009E3B9 /* Sources */,
				C5119BF323404A460009E3B9 /* Frameworks */,
				C5119BF423404A460009E3B9 /* Resources */,
			);
			buildRules = (
			);
			dependencies = (
			);
			name = PageView;
			productName = PageView;
			productReference = C5119BF623404A460009E3B9 /* PageView.app */;
			productType = "com.apple.product-type.application";
		};
/* End PBXNativeTarget section */

/* Begin PBXProject section */
		C5119BEE23404A460009E3B9 /* Project object */ = {
			isa = PBXProject;
			attributes = {
				LastUpgradeCheck = 1100;
				ORGANIZATIONNAME = "Fat brther";
				TargetAttributes = {
					C5119BF523404A460009E3B9 = {
						CreatedOnToolsVersion = 11.0;
					};
				};
			};
			buildConfigurationList = C5119BF123404A460009E3B9 /* Build configuration list for PBXProject "PageView" */;
			compatibilityVersion = "Xcode 9.3";
			developmentRegion = en;
			hasScannedForEncodings = 0;
			knownRegions = (
				en,
				Base,
			);
			mainGroup = C5119BED23404A460009E3B9;
			productRefGroup = C5119BF723404A460009E3B9 /* Products */;
			projectDirPath = "";
			projectRoot = "";
			targets = (
				C5119BF523404A460009E3B9 /* PageView */,
			);
		};
/* End PBXProject section */

/* Begin PBXResourcesBuildPhase section */
		C5119BF423404A460009E3B9 /* Resources */ = {
			isa = PBXResourcesBuildPhase;
			buildActionMask = 2147483647;
			files = (
				C5119C0623404A480009E3B9 /* Assets.xcassets in Resources */,
			);
			runOnlyForDeploymentPostprocessing = 0;
		};
/* End PBXResourcesBuildPhase section */

/* Begin PBXSourcesBuildPhase section */
		C5119BF223404A460009E3B9 /* Sources */ = {
			isa = PBXSourcesBuildPhase;
			buildActionMask = 2147483647;
			files = (
				042FA6D72357FC2A005D7215 /* DTPageViewController.m in Sources */,
				C5119C1723404D1F0009E3B9 /* FBPageContentView.m in Sources */,
				C5119C0123404A460009E3B9 /* ViewController.m in Sources */,
				C5119BFB23404A460009E3B9 /* AppDelegate.m in Sources */,
				042FA6DA23581516005D7215 /* NSArray+FBExtension.m in Sources */,
				C5119C1D234096340009E3B9 /* UIColor+FBExtension.m in Sources */,
				C5119C0C23404A480009E3B9 /* main.m in Sources */,
				04E7BE442357F6300076094F /* FBPageViewController.m in Sources */,
				C5119C1423404AE50009E3B9 /* FBPageTitleView.m in Sources */,
				041B04FC23540A65003E635C /* UIView+FBExtension.m in Sources */,
			);
			runOnlyForDeploymentPostprocessing = 0;
		};
/* End PBXSourcesBuildPhase section */

/* Begin XCBuildConfiguration section */
		C5119C0D23404A480009E3B9 /* Debug */ = {
			isa = XCBuildConfiguration;
			buildSettings = {
				ALWAYS_SEARCH_USER_PATHS = NO;
				CLANG_ANALYZER_NONNULL = YES;
				CLANG_ANALYZER_NUMBER_OBJECT_CONVERSION = YES_AGGRESSIVE;
				CLANG_CXX_LANGUAGE_STANDARD = "gnu++14";
				CLANG_CXX_LIBRARY = "libc++";
				CLANG_ENABLE_MODULES = YES;
				CLANG_ENABLE_OBJC_ARC = YES;
				CLANG_ENABLE_OBJC_WEAK = YES;
				CLANG_WARN_BLOCK_CAPTURE_AUTORELEASING = YES;
				CLANG_WARN_BOOL_CONVERSION = YES;
				CLANG_WARN_COMMA = YES;
				CLANG_WARN_CONSTANT_CONVERSION = YES;
				CLANG_WARN_DEPRECATED_OBJC_IMPLEMENTATIONS = YES;
				CLANG_WARN_DIRECT_OBJC_ISA_USAGE = YES_ERROR;
				CLANG_WARN_DOCUMENTATION_COMMENTS = YES;
				CLANG_WARN_EMPTY_BODY = YES;
				CLANG_WARN_ENUM_CONVERSION = YES;
				CLANG_WARN_INFINITE_RECURSION = YES;
				CLANG_WARN_INT_CONVERSION = YES;
				CLANG_WARN_NON_LITERAL_NULL_CONVERSION = YES;
				CLANG_WARN_OBJC_IMPLICIT_RETAIN_SELF = YES;
				CLANG_WARN_OBJC_LITERAL_CONVERSION = YES;
				CLANG_WARN_OBJC_ROOT_CLASS = YES_ERROR;
				CLANG_WARN_RANGE_LOOP_ANALYSIS = YES;
				CLANG_WARN_STRICT_PROTOTYPES = YES;
				CLANG_WARN_SUSPICIOUS_MOVE = YES;
				CLANG_WARN_UNGUARDED_AVAILABILITY = YES_AGGRESSIVE;
				CLANG_WARN_UNREACHABLE_CODE = YES;
				CLANG_WARN__DUPLICATE_METHOD_MATCH = YES;
				COPY_PHASE_STRIP = NO;
				DEBUG_INFORMATION_FORMAT = dwarf;
				ENABLE_STRICT_OBJC_MSGSEND = YES;
				ENABLE_TESTABILITY = YES;
				GCC_C_LANGUAGE_STANDARD = gnu11;
				GCC_DYNAMIC_NO_PIC = NO;
				GCC_NO_COMMON_BLOCKS = YES;
				GCC_OPTIMIZATION_LEVEL = 0;
				GCC_PREPROCESSOR_DEFINITIONS = (
					"DEBUG=1",
					"$(inherited)",
				);
				GCC_WARN_64_TO_32_BIT_CONVERSION = YES;
				GCC_WARN_ABOUT_RETURN_TYPE = YES_ERROR;
				GCC_WARN_UNDECLARED_SELECTOR = YES;
				GCC_WARN_UNINITIALIZED_AUTOS = YES_AGGRESSIVE;
				GCC_WARN_UNUSED_FUNCTION = YES;
				GCC_WARN_UNUSED_VARIABLE = YES;
				IPHONEOS_DEPLOYMENT_TARGET = 13.0;
				MTL_ENABLE_DEBUG_INFO = INCLUDE_SOURCE;
				MTL_FAST_MATH = YES;
				ONLY_ACTIVE_ARCH = YES;
				SDKROOT = iphoneos;
			};
			name = Debug;
		};
		C5119C0E23404A480009E3B9 /* Release */ = {
			isa = XCBuildConfiguration;
			buildSettings = {
				ALWAYS_SEARCH_USER_PATHS = NO;
				CLANG_ANALYZER_NONNULL = YES;
				CLANG_ANALYZER_NUMBER_OBJECT_CONVERSION = YES_AGGRESSIVE;
				CLANG_CXX_LANGUAGE_STANDARD = "gnu++14";
				CLANG_CXX_LIBRARY = "libc++";
				CLANG_ENABLE_MODULES = YES;
				CLANG_ENABLE_OBJC_ARC = YES;
				CLANG_ENABLE_OBJC_WEAK = YES;
				CLANG_WARN_BLOCK_CAPTURE_AUTORELEASING = YES;
				CLANG_WARN_BOOL_CONVERSION = YES;
				CLANG_WARN_COMMA = YES;
				CLANG_WARN_CONSTANT_CONVERSION = YES;
				CLANG_WARN_DEPRECATED_OBJC_IMPLEMENTATIONS = YES;
				CLANG_WARN_DIRECT_OBJC_ISA_USAGE = YES_ERROR;
				CLANG_WARN_DOCUMENTATION_COMMENTS = YES;
				CLANG_WARN_EMPTY_BODY = YES;
				CLANG_WARN_ENUM_CONVERSION = YES;
				CLANG_WARN_INFINITE_RECURSION = YES;
				CLANG_WARN_INT_CONVERSION = YES;
				CLANG_WARN_NON_LITERAL_NULL_CONVERSION = YES;
				CLANG_WARN_OBJC_IMPLICIT_RETAIN_SELF = YES;
				CLANG_WARN_OBJC_LITERAL_CONVERSION = YES;
				CLANG_WARN_OBJC_ROOT_CLASS = YES_ERROR;
				CLANG_WARN_RANGE_LOOP_ANALYSIS = YES;
				CLANG_WARN_STRICT_PROTOTYPES = YES;
				CLANG_WARN_SUSPICIOUS_MOVE = YES;
				CLANG_WARN_UNGUARDED_AVAILABILITY = YES_AGGRESSIVE;
				CLANG_WARN_UNREACHABLE_CODE = YES;
				CLANG_WARN__DUPLICATE_METHOD_MATCH = YES;
				COPY_PHASE_STRIP = NO;
				DEBUG_INFORMATION_FORMAT = "dwarf-with-dsym";
				ENABLE_NS_ASSERTIONS = NO;
				ENABLE_STRICT_OBJC_MSGSEND = YES;
				GCC_C_LANGUAGE_STANDARD = gnu11;
				GCC_NO_COMMON_BLOCKS = YES;
				GCC_WARN_64_TO_32_BIT_CONVERSION = YES;
				GCC_WARN_ABOUT_RETURN_TYPE = YES_ERROR;
				GCC_WARN_UNDECLARED_SELECTOR = YES;
				GCC_WARN_UNINITIALIZED_AUTOS = YES_AGGRESSIVE;
				GCC_WARN_UNUSED_FUNCTION = YES;
				GCC_WARN_UNUSED_VARIABLE = YES;
				IPHONEOS_DEPLOYMENT_TARGET = 13.0;
				MTL_ENABLE_DEBUG_INFO = NO;
				MTL_FAST_MATH = YES;
				SDKROOT = iphoneos;
				VALIDATE_PRODUCT = YES;
			};
			name = Release;
		};
		C5119C1023404A480009E3B9 /* Debug */ = {
			isa = XCBuildConfiguration;
			buildSettings = {
				ASSETCATALOG_COMPILER_APPICON_NAME = AppIcon;
				CODE_SIGN_STYLE = Automatic;
				DEVELOPMENT_TEAM = FP3TC6D5S9;
				INFOPLIST_FILE = PageView/Info.plist;
				IPHONEOS_DEPLOYMENT_TARGET = 10.0;
				LD_RUNPATH_SEARCH_PATHS = (
					"$(inherited)",
					"@executable_path/Frameworks",
				);
				PRODUCT_BUNDLE_IDENTIFIER = com.baidu.www.PageView;
				PRODUCT_NAME = "$(TARGET_NAME)";
				TARGETED_DEVICE_FAMILY = "1,2";
			};
			name = Debug;
		};
		C5119C1123404A480009E3B9 /* Release */ = {
			isa = XCBuildConfiguration;
			buildSettings = {
				ASSETCATALOG_COMPILER_APPICON_NAME = AppIcon;
				CODE_SIGN_STYLE = Automatic;
				DEVELOPMENT_TEAM = FP3TC6D5S9;
				INFOPLIST_FILE = PageView/Info.plist;
				IPHONEOS_DEPLOYMENT_TARGET = 10.0;
				LD_RUNPATH_SEARCH_PATHS = (
					"$(inherited)",
					"@executable_path/Frameworks",
				);
				PRODUCT_BUNDLE_IDENTIFIER = com.baidu.www.PageView;
				PRODUCT_NAME = "$(TARGET_NAME)";
				TARGETED_DEVICE_FAMILY = "1,2";
			};
			name = Release;
		};
/* End XCBuildConfiguration section */

/* Begin XCConfigurationList section */
		C5119BF123404A460009E3B9 /* Build configuration list for PBXProject "PageView" */ = {
			isa = XCConfigurationList;
			buildConfigurations = (
				C5119C0D23404A480009E3B9 /* Debug */,
				C5119C0E23404A480009E3B9 /* Release */,
			);
			defaultConfigurationIsVisible = 0;
			defaultConfigurationName = Release;
		};
		C5119C0F23404A480009E3B9 /* Build configuration list for PBXNativeTarget "PageView" */ = {
			isa = XCConfigurationList;
			buildConfigurations = (
				C5119C1023404A480009E3B9 /* Debug */,
				C5119C1123404A480009E3B9 /* Release */,
			);
			defaultConfigurationIsVisible = 0;
			defaultConfigurationName = Release;
		};
/* End XCConfigurationList section */
	};
	rootObject = C5119BEE23404A460009E3B9 /* Project object */;
}
